
Microsoft Visual Studio Solution File, Format Version 12.00
# Visual Studio 15
VisualStudioVersion = 15.0.26124.0
MinimumVisualStudioVersion = 15.0.26124.0
Project("{2150E333-8FDC-42A3-9474-1A3956D46DE8}") = "src", "src", "{8BC25B1B-F507-473C-AB27-2C46CE29528D}"
EndProject
Project("{2150E333-8FDC-42A3-9474-1A3956D46DE8}") = "Cli", "Cli", "{431CE216-294F-4A2E-B1E9-BC667BD06E3A}"
EndProject
Project("{FAE04EC0-301F-11D3-BF4B-00C04F79EFBC}") = "Manager", "src\Cli\Manager\Manager.csproj", "{E3DD5484-EC19-433B-8609-FB3785953E3D}"
EndProject
Project("{2150E333-8FDC-42A3-9474-1A3956D46DE8}") = "Extensions", "Extensions", "{17D6BFC2-1E46-4FCC-84FD-294F77EB9EF5}"
EndProject
Project("{2150E333-8FDC-42A3-9474-1A3956D46DE8}") = "Hosts", "Hosts", "{77A751CA-64BD-46C9-B4AA-6DC147E7AF4C}"
EndProject
Project("{FAE04EC0-301F-11D3-BF4B-00C04F79EFBC}") = "Host.Generic", "src\Extensions\Hosts\Generic\Host.Generic.csproj", "{9B6F69EB-78AA-4567-AA3D-5571EB9757DD}"
EndProject
Project("{FAE04EC0-301F-11D3-BF4B-00C04F79EFBC}") = "Spi.Gui", "src\Spi.Gui\Spi.Gui.csproj", "{D3ECA24F-D693-4E5F-AE79-833D1DA718C4}"
EndProject
Global
	GlobalSection(SolutionConfigurationPlatforms) = preSolution
		Debug|Any CPU = Debug|Any CPU
		Debug|x64 = Debug|x64
		Debug|x86 = Debug|x86
		Release|Any CPU = Release|Any CPU
		Release|x64 = Release|x64
		Release|x86 = Release|x86
	EndGlobalSection
	GlobalSection(SolutionProperties) = preSolution
		HideSolutionNode = FALSE
	EndGlobalSection
	GlobalSection(ProjectConfigurationPlatforms) = postSolution
		{E3DD5484-EC19-433B-8609-FB3785953E3D}.Debug|Any CPU.ActiveCfg = Debug|Any CPU
		{E3DD5484-EC19-433B-8609-FB3785953E3D}.Debug|Any CPU.Build.0 = Debug|Any CPU
		{E3DD5484-EC19-433B-8609-FB3785953E3D}.Debug|x64.ActiveCfg = Debug|Any CPU
		{E3DD5484-EC19-433B-8609-FB3785953E3D}.Debug|x64.Build.0 = Debug|Any CPU
		{E3DD5484-EC19-433B-8609-FB3785953E3D}.Debug|x86.ActiveCfg = Debug|Any CPU
		{E3DD5484-EC19-433B-8609-FB3785953E3D}.Debug|x86.Build.0 = Debug|Any CPU
		{E3DD5484-EC19-433B-8609-FB3785953E3D}.Release|Any CPU.ActiveCfg = Release|Any CPU
		{E3DD5484-EC19-433B-8609-FB3785953E3D}.Release|Any CPU.Build.0 = Release|Any CPU
		{E3DD5484-EC19-433B-8609-FB3785953E3D}.Release|x64.ActiveCfg = Release|Any CPU
		{E3DD5484-EC19-433B-8609-FB3785953E3D}.Release|x64.Build.0 = Release|Any CPU
		{E3DD5484-EC19-433B-8609-FB3785953E3D}.Release|x86.ActiveCfg = Release|Any CPU
		{E3DD5484-EC19-433B-8609-FB3785953E3D}.Release|x86.Build.0 = Release|Any CPU
		{9B6F69EB-78AA-4567-AA3D-5571EB9757DD}.Debug|Any CPU.ActiveCfg = Debug|Any CPU
		{9B6F69EB-78AA-4567-AA3D-5571EB9757DD}.Debug|Any CPU.Build.0 = Debug|Any CPU
		{9B6F69EB-78AA-4567-AA3D-5571EB9757DD}.Debug|x64.ActiveCfg = Debug|Any CPU
		{9B6F69EB-78AA-4567-AA3D-5571EB9757DD}.Debug|x64.Build.0 = Debug|Any CPU
		{9B6F69EB-78AA-4567-AA3D-5571EB9757DD}.Debug|x86.ActiveCfg = Debug|Any CPU
		{9B6F69EB-78AA-4567-AA3D-5571EB9757DD}.Debug|x86.Build.0 = Debug|Any CPU
		{9B6F69EB-78AA-4567-AA3D-5571EB9757DD}.Release|Any CPU.ActiveCfg = Release|Any CPU
		{9B6F69EB-78AA-4567-AA3D-5571EB9757DD}.Release|Any CPU.Build.0 = Release|Any CPU
		{9B6F69EB-78AA-4567-AA3D-5571EB9757DD}.Release|x64.ActiveCfg = Release|Any CPU
		{9B6F69EB-78AA-4567-AA3D-5571EB9757DD}.Release|x64.Build.0 = Release|Any CPU
		{9B6F69EB-78AA-4567-AA3D-5571EB9757DD}.Release|x86.ActiveCfg = Release|Any CPU
		{9B6F69EB-78AA-4567-AA3D-5571EB9757DD}.Release|x86.Build.0 = Release|Any CPU
		{D3ECA24F-D693-4E5F-AE79-833D1DA718C4}.Debug|Any CPU.ActiveCfg = Debug|Any CPU
		{D3ECA24F-D693-4E5F-AE79-833D1DA718C4}.Debug|Any CPU.Build.0 = Debug|Any CPU
		{D3ECA24F-D693-4E5F-AE79-833D1DA718C4}.Debug|x64.ActiveCfg = Debug|Any CPU
		{D3ECA24F-D693-4E5F-AE79-833D1DA718C4}.Debug|x64.Build.0 = Debug|Any CPU
		{D3ECA24F-D693-4E5F-AE79-833D1DA718C4}.Debug|x86.ActiveCfg = Debug|Any CPU
		{D3ECA24F-D693-4E5F-AE79-833D1DA718C4}.Debug|x86.Build.0 = Debug|Any CPU
		{D3ECA24F-D693-4E5F-AE79-833D1DA718C4}.Release|Any CPU.ActiveCfg = Release|Any CPU
		{D3ECA24F-D693-4E5F-AE79-833D1DA718C4}.Release|Any CPU.Build.0 = Release|Any CPU
		{D3ECA24F-D693-4E5F-AE79-833D1DA718C4}.Release|x64.ActiveCfg = Release|Any CPU
		{D3ECA24F-D693-4E5F-AE79-833D1DA718C4}.Release|x64.Build.0 = Release|Any CPU
		{D3ECA24F-D693-4E5F-AE79-833D1DA718C4}.Release|x86.ActiveCfg = Release|Any CPU
		{D3ECA24F-D693-4E5F-AE79-833D1DA718C4}.Release|x86.Build.0 = Release|Any CPU
	EndGlobalSection
	GlobalSection(NestedProjects) = preSolution
		{431CE216-294F-4A2E-B1E9-BC667BD06E3A} = {8BC25B1B-F507-473C-AB27-2C46CE29528D}
		{E3DD5484-EC19-433B-8609-FB3785953E3D} = {431CE216-294F-4A2E-B1E9-BC667BD06E3A}
		{17D6BFC2-1E46-4FCC-84FD-294F77EB9EF5} = {8BC25B1B-F507-473C-AB27-2C46CE29528D}
		{77A751CA-64BD-46C9-B4AA-6DC147E7AF4C} = {17D6BFC2-1E46-4FCC-84FD-294F77EB9EF5}
		{9B6F69EB-78AA-4567-AA3D-5571EB9757DD} = {77A751CA-64BD-46C9-B4AA-6DC147E7AF4C}
		{D3ECA24F-D693-4E5F-AE79-833D1DA718C4} = {8BC25B1B-F507-473C-AB27-2C46CE29528D}
	EndGlobalSection
EndGlobal
