
Microsoft Visual Studio Solution File, Format Version 12.00
# Visual Studio 15
Project("{FAE04EC0-301F-11D3-BF4B-00C04F79EFBC}") = "Manager", "Manager.csproj", "{A17E2165-2129-40BE-A8B7-9B0895218759}"
EndProject
Global
	GlobalSection(SolutionConfigurationPlatforms) = preSolution
		Debug|Any CPU = Debug|Any CPU
		Release|Any CPU = Release|Any CPU
	EndGlobalSection
	GlobalSection(ProjectConfigurationPlatforms) = postSolution
		{A17E2165-2129-40BE-A8B7-9B0895218759}.Debug|Any CPU.ActiveCfg = Debug|Any CPU
		{A17E2165-2129-40BE-A8B7-9B0895218759}.Debug|Any CPU.Build.0 = Debug|Any CPU
		{A17E2165-2129-40BE-A8B7-9B0895218759}.Release|Any CPU.ActiveCfg = Release|Any CPU
		{A17E2165-2129-40BE-A8B7-9B0895218759}.Release|Any CPU.Build.0 = Release|Any CPU
	EndGlobalSection
EndGlobal
